<?xml version="1.0" encoding="UTF-8" standalone="yes" ?>
<CodeBlocks_project_file>
	<FileVersion major="1" minor="6" />
	<Project>
		<Option title="offer" />
		<Option pch_mode="2" />
		<Option compiler="gcc" />
		<Build>
			<Target title="Debug">
				<Option output="bin/Debug/offer" prefix_auto="1" extension_auto="1" />
				<Option object_output="obj/Debug/" />
				<Option type="1" />
				<Option compiler="gcc" />
				<Compiler>
					<Add option="-g" />
				</Compiler>
			</Target>
			<Target title="Release">
				<Option output="bin/Release/offer" prefix_auto="1" extension_auto="1" />
				<Option object_output="obj/Release/" />
				<Option type="1" />
				<Option compiler="gcc" />
				<Compiler>
					<Add option="-O2" />
				</Compiler>
				<Linker>
					<Add option="-s" />
				</Linker>
			</Target>
		</Build>
		<Compiler>
			<Add option="-Wall" />
			<Add option="-fexceptions" />
		</Compiler>
		<Unit filename="Complex_list.h" />
		<Unit filename="Pro10.cpp" />
		<Unit filename="Pro10.h" />
		<Unit filename="Pro11.cpp" />
		<Unit filename="Pro11.h" />
		<Unit filename="Pro12.cpp" />
		<Unit filename="Pro12.h" />
		<Unit filename="Pro13.cpp" />
		<Unit filename="Pro13.h" />
		<Unit filename="Pro14.cpp" />
		<Unit filename="Pro14.h" />
		<Unit filename="Pro15.h" />
		<Unit filename="Pro17.cpp" />
		<Unit filename="Pro17.h" />
		<Unit filename="Pro18.h" />
		<Unit filename="Pro19.h" />
		<Unit filename="Pro20.h" />
		<Unit filename="Pro21.cpp" />
		<Unit filename="Pro21.h" />
		<Unit filename="Pro22.cpp" />
		<Unit filename="Pro22.h" />
		<Unit filename="Pro23.h" />
		<Unit filename="Pro24.cpp" />
		<Unit filename="Pro24.h" />
		<Unit filename="Pro25.cpp" />
		<Unit filename="Pro25.h" />
		<Unit filename="Pro26.h" />
		<Unit filename="Pro27.cpp" />
		<Unit filename="Pro27.h" />
		<Unit filename="Pro28.cpp" />
		<Unit filename="Pro28.h" />
		<Unit filename="Pro29.cpp" />
		<Unit filename="Pro29.h" />
		<Unit filename="Pro3.cpp" />
		<Unit filename="Pro3.h" />
		<Unit filename="Pro30.cpp" />
		<Unit filename="Pro30.h" />
		<Unit filename="Pro31.cpp" />
		<Unit filename="Pro31.h" />
		<Unit filename="Pro33.cpp" />
		<Unit filename="Pro33.h" />
		<Unit filename="Pro34.cpp" />
		<Unit filename="Pro34.h" />
		<Unit filename="Pro35.cpp" />
		<Unit filename="Pro35.h" />
		<Unit filename="Pro36.cpp" />
		<Unit filename="Pro36.h" />
		<Unit filename="Pro37.cpp" />
		<Unit filename="Pro37.h" />
		<Unit filename="Pro38.cpp" />
		<Unit filename="Pro38.h" />
		<Unit filename="Pro39.cpp" />
		<Unit filename="Pro39.h" />
		<Unit filename="Pro4.cpp" />
		<Unit filename="Pro4.h" />
		<Unit filename="Pro40.cpp" />
		<Unit filename="Pro40.h" />
		<Unit filename="Pro41.cpp" />
		<Unit filename="Pro41.h" />
		<Unit filename="Pro42.cpp" />
		<Unit filename="Pro42.h" />
		<Unit filename="Pro43.cpp" />
		<Unit filename="Pro43.h" />
		<Unit filename="Pro44.cpp" />
		<Unit filename="Pro44.h" />
		<Unit filename="Pro46.cpp" />
		<Unit filename="Pro46.h" />
		<Unit filename="Pro47.cpp" />
		<Unit filename="Pro47.h" />
		<Unit filename="Pro5.h" />
		<Unit filename="Pro50.cpp" />
		<Unit filename="Pro50.h" />
		<Unit filename="Pro6.cpp" />
		<Unit filename="Pro6.h" />
		<Unit filename="Pro7.cpp" />
		<Unit filename="Pro7.h" />
		<Unit filename="Pro8.cpp" />
		<Unit filename="Pro8.h" />
		<Unit filename="Pro9.cpp" />
		<Unit filename="Pro9.h" />
		<Unit filename="dayAfterday.cpp" />
		<Unit filename="dayAfterday.h" />
		<Unit filename="fastSort.cpp" />
		<Unit filename="fastSort.h" />
		<Unit filename="main.cpp" />
		<Unit filename="mergeSort.cpp" />
		<Unit filename="preInclude.h" />
		<Unit filename="tmp.cpp" />
		<Unit filename="utils.cpp" />
		<Unit filename="utils.h" />
		<Extensions>
			<code_completion />
			<envvars />
			<debugger />
			<lib_finder disable_auto="1" />
		</Extensions>
	</Project>
</CodeBlocks_project_file>
